
Microsoft Visual Studio Solution File, Format Version 12.00
# Visual Studio Version 16
VisualStudioVersion = 16.0.29709.97
MinimumVisualStudioVersion = 10.0.40219.1
Project("{F184B08F-C81C-45F6-A57F-5ABD9991F28F}") = "File Handling Practize", "File Handling Practize\File Handling Practize.vbproj", "{C314CB03-DF6C-43DF-80A8-2A88B198CE0C}"
EndProject
Global
	GlobalSection(SolutionConfigurationPlatforms) = preSolution
		Debug|Any CPU = Debug|Any CPU
		Release|Any CPU = Release|Any CPU
	EndGlobalSection
	GlobalSection(ProjectConfigurationPlatforms) = postSolution
		{C314CB03-DF6C-43DF-80A8-2A88B198CE0C}.Debug|Any CPU.ActiveCfg = Debug|Any CPU
		{C314CB03-DF6C-43DF-80A8-2A88B198CE0C}.Debug|Any CPU.Build.0 = Debug|Any CPU
		{C314CB03-DF6C-43DF-80A8-2A88B198CE0C}.Release|Any CPU.ActiveCfg = Release|Any CPU
		{C314CB03-DF6C-43DF-80A8-2A88B198CE0C}.Release|Any CPU.Build.0 = Release|Any CPU
	EndGlobalSection
	GlobalSection(SolutionProperties) = preSolution
		HideSolutionNode = FALSE
	EndGlobalSection
	GlobalSection(ExtensibilityGlobals) = postSolution
		SolutionGuid = {B0BE0CB6-512C-4741-96AB-FB1C2CC17BA4}
	EndGlobalSection
EndGlobal
